<?xml version="1.0" encoding="UTF-8" standalone="yes" ?>
<CodeBlocks_project_file>
	<FileVersion major="1" minor="6" />
	<Project>
		<Option title="IMU_Emulator" />
		<Option pch_mode="2" />
		<Option compiler="gcc" />
		<Build>
			<Target title="Debug">
				<Option output="bin/Debug/IMU_Emulator" prefix_auto="1" extension_auto="1" />
				<Option object_output="obj/Debug/" />
				<Option type="1" />
				<Option compiler="gcc" />
				<Compiler>
					<Add option="-g" />
				</Compiler>
			</Target>
			<Target title="Release">
				<Option output="bin/Release/IMU_Emulator" prefix_auto="1" extension_auto="1" />
				<Option object_output="obj/Release/" />
				<Option type="1" />
				<Option compiler="gcc" />
				<Compiler>
					<Add option="-O2" />
				</Compiler>
				<Linker>
					<Add option="-s" />
				</Linker>
			</Target>
		</Build>
		<Compiler>
			<Add option="-Wall" />
		</Compiler>
		<Unit filename="Include/Calibration_Config.h" />
		<Unit filename="Include/Common_Config.h" />
		<Unit filename="Include/Communication_Config.h" />
		<Unit filename="Include/DCM_Config.h" />
		<Unit filename="Include/DSP_Config.h" />
		<Unit filename="Include/Emulator_Config.h" />
		<Unit filename="Include/Emulator_Protos.h" />
		<Unit filename="Include/GaPA_Config.h" />
		<Unit filename="Include/IMU10736_Config.h" />
		<Unit filename="Include/IMU9250_Config.h" />
		<Unit filename="Include/Math.h" />
		<Unit filename="Include/WISE_Config.h" />
		<Unit filename="Src/Calibration_Functions.c">
			<Option compilerVar="CC" />
		</Unit>
		<Unit filename="Src/Common_Functions.c">
			<Option compilerVar="CC" />
		</Unit>
		<Unit filename="Src/Communication_Functions.c">
			<Option compilerVar="CC" />
		</Unit>
		<Unit filename="Src/DCM_Functions.c">
			<Option compilerVar="CC" />
		</Unit>
		<Unit filename="Src/DSP_Functions.c">
			<Option compilerVar="CC" />
		</Unit>
		<Unit filename="Src/Emulator_Functions.c">
			<Option compilerVar="CC" />
		</Unit>
		<Unit filename="Src/GaPA_Functions.c">
			<Option compilerVar="CC" />
		</Unit>
		<Unit filename="Src/HW_Functions.c">
			<Option compilerVar="CC" />
		</Unit>
		<Unit filename="Src/Logging_Functions.c">
			<Option compilerVar="CC" />
		</Unit>
		<Unit filename="Src/Math.c">
			<Option compilerVar="CC" />
		</Unit>
		<Unit filename="Src/WISE_Functions.c">
			<Option compilerVar="CC" />
		</Unit>
		<Unit filename="Src/main.c">
			<Option compilerVar="CC" />
		</Unit>
		<Extensions>
			<code_completion />
			<envvars />
			<debugger />
		</Extensions>
	</Project>
</CodeBlocks_project_file>
